# This file is automatically @generated by Cargo.
# It is not intended for manual editing.
version = 4

[[package]]
name = "oxjvm-classfile"
version = "0.1.0"

[[package]]
name = "oxjvm-cli"
version = "0.1.0"
dependencies = [
 "oxjvm-classfile",
 "oxjvm-java",
 "oxjvm-platform",
 "oxjvm-vm",
]

[[package]]
name = "oxjvm-java"
version = "0.1.0"
dependencies = [
 "oxjvm-classfile",
 "oxjvm-platform",
 "oxjvm-vm",
]

[[package]]
name = "oxjvm-platform"
version = "0.1.0"
dependencies = [
 "oxjvm-classfile",
]

[[package]]
name = "oxjvm-vm"
version = "0.1.0"
dependencies = [
 "oxjvm-classfile",
 "oxjvm-java",
 "oxjvm-platform",
]

[[package]]
name = "oxjvm-wasm"
version = "0.1.0"
dependencies = [
 "oxjvm-classfile",
 "oxjvm-java",
 "oxjvm-platform",
 "oxjvm-vm",
]
